
Terraform used the selected providers to generate the following execution
plan. Resource actions are indicated with the following symbols:
  + create
 <= read (data resources)

Terraform will perform the following actions:

  # module.db.aws_db_instance.this[0] will be created
  + resource "aws_db_instance" "this" {
      + address                               = (known after apply)
      + allocated_storage                     = 10
      + allow_major_version_upgrade           = false
      + apply_immediately                     = false
      + arn                                   = (known after apply)
      + auto_minor_version_upgrade            = false
      + availability_zone                     = "us-east-2a"
      + backup_retention_period               = 7
      + backup_target                         = (known after apply)
      + backup_window                         = (known after apply)
      + ca_cert_identifier                    = (known after apply)
      + character_set_name                    = (known after apply)
      + copy_tags_to_snapshot                 = false
      + db_name                               = "arc_demo_db_1a"
      + db_subnet_group_name                  = "demo-sb-grp"
      + delete_automated_backups              = true
      + deletion_protection                   = false
      + domain_fqdn                           = (known after apply)
      + enabled_cloudwatch_logs_exports       = [
          + "postgresql",
          + "upgrade",
        ]
      + endpoint                              = (known after apply)
      + engine                                = "postgres"
      + engine_version                        = (known after apply)
      + engine_version_actual                 = (known after apply)
      + hosted_zone_id                        = (known after apply)
      + id                                    = (known after apply)
      + identifier                            = (known after apply)
      + identifier_prefix                     = (known after apply)
      + instance_class                        = "db.t3.micro"
      + iops                                  = (known after apply)
      + kms_key_id                            = (known after apply)
      + latest_restorable_time                = (known after apply)
      + license_model                         = (known after apply)
      + listener_endpoint                     = (known after apply)
      + maintenance_window                    = (known after apply)
      + manage_master_user_password           = true
      + master_user_secret                    = (known after apply)
      + master_user_secret_kms_key_id         = (known after apply)
      + monitoring_interval                   = 0
      + monitoring_role_arn                   = (known after apply)
      + multi_az                              = false
      + nchar_character_set_name              = (known after apply)
      + network_type                          = (known after apply)
      + option_group_name                     = (known after apply)
      + parameter_group_name                  = "demo-pg"
      + performance_insights_enabled          = false
      + performance_insights_kms_key_id       = (known after apply)
      + performance_insights_retention_period = (known after apply)
      + port                                  = (known after apply)
      + publicly_accessible                   = false
      + replica_mode                          = (known after apply)
      + replicas                              = (known after apply)
      + resource_id                           = (known after apply)
      + skip_final_snapshot                   = true
      + snapshot_identifier                   = (known after apply)
      + status                                = (known after apply)
      + storage_encrypted                     = true
      + storage_throughput                    = (known after apply)
      + storage_type                          = (known after apply)
      + tags_all                              = (known after apply)
      + timezone                              = (known after apply)
      + username                              = "demo_arc"
      + vpc_security_group_ids                = (known after apply)
    }

  # module.db.aws_db_parameter_group.example will be created
  + resource "aws_db_parameter_group" "example" {
      + arn         = (known after apply)
      + description = "Managed by Terraform"
      + family      = "postgres16"
      + id          = (known after apply)
      + name        = "demo-pg"
      + name_prefix = (known after apply)
      + tags_all    = (known after apply)
    }

  # module.db.aws_db_subnet_group.default will be created
  + resource "aws_db_subnet_group" "default" {
      + arn                     = (known after apply)
      + description             = "Managed by Terraform"
      + id                      = (known after apply)
      + name                    = "demo-sb-grp"
      + name_prefix             = (known after apply)
      + subnet_ids              = (known after apply)
      + supported_network_types = (known after apply)
      + tags                    = {
          + "Name" = "demo-sb-grp"
        }
      + tags_all                = {
          + "Name" = "demo-sb-grp"
        }
      + vpc_id                  = (known after apply)
    }

  # module.db.aws_kms_key.example will be created
  + resource "aws_kms_key" "example" {
      + arn                                = (known after apply)
      + bypass_policy_lockout_safety_check = false
      + customer_master_key_spec           = "SYMMETRIC_DEFAULT"
      + deletion_window_in_days            = 10
      + description                        = (known after apply)
      + enable_key_rotation                = false
      + id                                 = (known after apply)
      + is_enabled                         = true
      + key_id                             = (known after apply)
      + key_usage                          = "ENCRYPT_DECRYPT"
      + multi_region                       = (known after apply)
      + policy                             = (known after apply)
      + tags_all                           = (known after apply)
    }

  # module.ec2.data.aws_ami.linux will be read during apply
  # (depends on a resource or a module with changes pending)
 <= data "aws_ami" "linux" {
      + architecture          = (known after apply)
      + arn                   = (known after apply)
      + block_device_mappings = (known after apply)
      + boot_mode             = (known after apply)
      + creation_date         = (known after apply)
      + deprecation_time      = (known after apply)
      + description           = (known after apply)
      + ena_support           = (known after apply)
      + hypervisor            = (known after apply)
      + id                    = (known after apply)
      + image_id              = (known after apply)
      + image_location        = (known after apply)
      + image_owner_alias     = (known after apply)
      + image_type            = (known after apply)
      + imds_support          = (known after apply)
      + kernel_id             = (known after apply)
      + most_recent           = true
      + name                  = (known after apply)
      + owner_id              = (known after apply)
      + owners                = [
          + "amazon",
        ]
      + platform              = (known after apply)
      + platform_details      = (known after apply)
      + product_codes         = (known after apply)
      + public                = (known after apply)
      + ramdisk_id            = (known after apply)
      + root_device_name      = (known after apply)
      + root_device_type      = (known after apply)
      + root_snapshot_id      = (known after apply)
      + sriov_net_support     = (known after apply)
      + state                 = (known after apply)
      + state_reason          = (known after apply)
      + tags                  = (known after apply)
      + tpm_support           = (known after apply)
      + usage_operation       = (known after apply)
      + virtualization_type   = (known after apply)

      + filter {
          + name   = "name"
          + values = [
              + "amzn2-ami-hvm-*-x86_64-gp2",
            ]
        }
      + filter {
          + name   = "virtualization-type"
          + values = [
              + "hvm",
            ]
        }
    }

  # module.ec2.aws_instance.arc_ec2 will be created
  + resource "aws_instance" "arc_ec2" {
      + ami                                  = (known after apply)
      + arn                                  = (known after apply)
      + associate_public_ip_address          = (known after apply)
      + availability_zone                    = (known after apply)
      + cpu_core_count                       = (known after apply)
      + cpu_threads_per_core                 = (known after apply)
      + disable_api_stop                     = (known after apply)
      + disable_api_termination              = (known after apply)
      + ebs_optimized                        = (known after apply)
      + get_password_data                    = false
      + host_id                              = (known after apply)
      + host_resource_group_arn              = (known after apply)
      + iam_instance_profile                 = (known after apply)
      + id                                   = (known after apply)
      + instance_initiated_shutdown_behavior = (known after apply)
      + instance_lifecycle                   = (known after apply)
      + instance_state                       = (known after apply)
      + instance_type                        = "t2.small"
      + ipv6_address_count                   = (known after apply)
      + ipv6_addresses                       = (known after apply)
      + key_name                             = "demo-key"
      + monitoring                           = (known after apply)
      + outpost_arn                          = (known after apply)
      + password_data                        = (known after apply)
      + placement_group                      = (known after apply)
      + placement_partition_number           = (known after apply)
      + primary_network_interface_id         = (known after apply)
      + private_dns                          = (known after apply)
      + private_ip                           = (known after apply)
      + public_dns                           = (known after apply)
      + public_ip                            = (known after apply)
      + secondary_private_ips                = (known after apply)
      + security_groups                      = (known after apply)
      + source_dest_check                    = true
      + spot_instance_request_id             = (known after apply)
      + subnet_id                            = (known after apply)
      + tags                                 = {
          + "Name" = "arc-demo-instance"
        }
      + tags_all                             = {
          + "Name" = "arc-demo-instance"
        }
      + tenancy                              = (known after apply)
      + user_data                            = (known after apply)
      + user_data_base64                     = (known after apply)
      + user_data_replace_on_change          = false
      + vpc_security_group_ids               = (known after apply)
    }

  # module.ec2.aws_key_pair.demo-key will be created
  + resource "aws_key_pair" "demo-key" {
      + arn             = (known after apply)
      + fingerprint     = (known after apply)
      + id              = (known after apply)
      + key_name        = "demo-key"
      + key_name_prefix = (known after apply)
      + key_pair_id     = (known after apply)
      + key_type        = (known after apply)
      + public_key      = (known after apply)
      + tags_all        = (known after apply)
    }

  # module.ec2.local_file.this will be created
  + resource "local_file" "this" {
      + content              = (sensitive value)
      + content_base64sha256 = (known after apply)
      + content_base64sha512 = (known after apply)
      + content_md5          = (known after apply)
      + content_sha1         = (known after apply)
      + content_sha256       = (known after apply)
      + content_sha512       = (known after apply)
      + directory_permission = "0777"
      + file_permission      = "0777"
      + filename             = "demo-key"
      + id                   = (known after apply)
    }

  # module.ec2.tls_private_key.this will be created
  + resource "tls_private_key" "this" {
      + algorithm                     = "RSA"
      + ecdsa_curve                   = "P224"
      + id                            = (known after apply)
      + private_key_openssh           = (sensitive value)
      + private_key_pem               = (sensitive value)
      + private_key_pem_pkcs8         = (sensitive value)
      + public_key_fingerprint_md5    = (known after apply)
      + public_key_fingerprint_sha256 = (known after apply)
      + public_key_openssh            = (known after apply)
      + public_key_pem                = (known after apply)
      + rsa_bits                      = 4096
    }

  # module.networking.aws_eip.nat_eip will be created
  + resource "aws_eip" "nat_eip" {
      + allocation_id        = (known after apply)
      + association_id       = (known after apply)
      + carrier_ip           = (known after apply)
      + customer_owned_ip    = (known after apply)
      + domain               = "vpc"
      + id                   = (known after apply)
      + instance             = (known after apply)
      + network_border_group = (known after apply)
      + network_interface    = (known after apply)
      + private_dns          = (known after apply)
      + private_ip           = (known after apply)
      + public_dns           = (known after apply)
      + public_ip            = (known after apply)
      + public_ipv4_pool     = (known after apply)
      + tags                 = {
          + "Name" = "arc-demo-eip"
        }
      + tags_all             = {
          + "Name" = "arc-demo-eip"
        }
      + vpc                  = (known after apply)
    }

  # module.networking.aws_internet_gateway.ig will be created
  + resource "aws_internet_gateway" "ig" {
      + arn      = (known after apply)
      + id       = (known after apply)
      + owner_id = (known after apply)
      + tags     = {
          + "Name" = "arc-demo-ig"
        }
      + tags_all = {
          + "Name" = "arc-demo-ig"
        }
      + vpc_id   = (known after apply)
    }

  # module.networking.aws_nat_gateway.nat will be created
  + resource "aws_nat_gateway" "nat" {
      + allocation_id                      = (known after apply)
      + association_id                     = (known after apply)
      + connectivity_type                  = "public"
      + id                                 = (known after apply)
      + network_interface_id               = (known after apply)
      + private_ip                         = (known after apply)
      + public_ip                          = (known after apply)
      + secondary_private_ip_address_count = (known after apply)
      + secondary_private_ip_addresses     = (known after apply)
      + subnet_id                          = (known after apply)
      + tags                               = {
          + "Name" = "arc-demo-nat"
        }
      + tags_all                           = {
          + "Name" = "arc-demo-nat"
        }
    }

  # module.networking.aws_route.private_nat_gateway will be created
  + resource "aws_route" "private_nat_gateway" {
      + destination_cidr_block = "0.0.0.0/0"
      + id                     = (known after apply)
      + instance_id            = (known after apply)
      + instance_owner_id      = (known after apply)
      + nat_gateway_id         = (known after apply)
      + network_interface_id   = (known after apply)
      + origin                 = (known after apply)
      + route_table_id         = (known after apply)
      + state                  = (known after apply)
    }

  # module.networking.aws_route.public_internet_gateway will be created
  + resource "aws_route" "public_internet_gateway" {
      + destination_cidr_block = "0.0.0.0/0"
      + gateway_id             = (known after apply)
      + id                     = (known after apply)
      + instance_id            = (known after apply)
      + instance_owner_id      = (known after apply)
      + network_interface_id   = (known after apply)
      + origin                 = (known after apply)
      + route_table_id         = (known after apply)
      + state                  = (known after apply)
    }

  # module.networking.aws_route_table.private will be created
  + resource "aws_route_table" "private" {
      + arn              = (known after apply)
      + id               = (known after apply)
      + owner_id         = (known after apply)
      + propagating_vgws = (known after apply)
      + route            = (known after apply)
      + tags             = {
          + "Name" = "arc-demo-private-rt"
        }
      + tags_all         = {
          + "Name" = "arc-demo-private-rt"
        }
      + vpc_id           = (known after apply)
    }

  # module.networking.aws_route_table.public will be created
  + resource "aws_route_table" "public" {
      + arn              = (known after apply)
      + id               = (known after apply)
      + owner_id         = (known after apply)
      + propagating_vgws = (known after apply)
      + route            = (known after apply)
      + tags             = {
          + "Name" = "arc-demo-public-rt"
        }
      + tags_all         = {
          + "Name" = "arc-demo-public-rt"
        }
      + vpc_id           = (known after apply)
    }

  # module.networking.aws_route_table_association.private[0] will be created
  + resource "aws_route_table_association" "private" {
      + id             = (known after apply)
      + route_table_id = (known after apply)
      + subnet_id      = (known after apply)
    }

  # module.networking.aws_route_table_association.private[1] will be created
  + resource "aws_route_table_association" "private" {
      + id             = (known after apply)
      + route_table_id = (known after apply)
      + subnet_id      = (known after apply)
    }

  # module.networking.aws_route_table_association.public[0] will be created
  + resource "aws_route_table_association" "public" {
      + id             = (known after apply)
      + route_table_id = (known after apply)
      + subnet_id      = (known after apply)
    }

  # module.networking.aws_route_table_association.public[1] will be created
  + resource "aws_route_table_association" "public" {
      + id             = (known after apply)
      + route_table_id = (known after apply)
      + subnet_id      = (known after apply)
    }

  # module.networking.aws_security_group.default will be created
  + resource "aws_security_group" "default" {
      + arn                    = (known after apply)
      + description            = "Default security group to allow inbound/outbound from the VPC"
      + egress                 = [
          + {
              + cidr_blocks      = [
                  + "0.0.0.0/0",
                ]
              + description      = ""
              + from_port        = 0
              + ipv6_cidr_blocks = []
              + prefix_list_ids  = []
              + protocol         = "-1"
              + security_groups  = []
              + self             = true
              + to_port          = 0
            },
        ]
      + id                     = (known after apply)
      + ingress                = (known after apply)
      + name                   = "terraform-default-sg"
      + name_prefix            = (known after apply)
      + owner_id               = (known after apply)
      + revoke_rules_on_delete = false
      + tags                   = {
          + "Name" = "allow SSH"
        }
      + tags_all               = {
          + "Name" = "allow SSH"
        }
      + vpc_id                 = (known after apply)
    }

  # module.networking.aws_subnet.private_subnet[0] will be created
  + resource "aws_subnet" "private_subnet" {
      + arn                                            = (known after apply)
      + assign_ipv6_address_on_creation                = false
      + availability_zone                              = "us-east-2a"
      + availability_zone_id                           = (known after apply)
      + cidr_block                                     = "172.29.31.64/27"
      + enable_dns64                                   = false
      + enable_resource_name_dns_a_record_on_launch    = false
      + enable_resource_name_dns_aaaa_record_on_launch = false
      + id                                             = (known after apply)
      + ipv6_cidr_block_association_id                 = (known after apply)
      + ipv6_native                                    = false
      + map_public_ip_on_launch                        = false
      + owner_id                                       = (known after apply)
      + private_dns_hostname_type_on_launch            = (known after apply)
      + tags                                           = {
          + "Name" = "arc-demo-private-subnet-0"
        }
      + tags_all                                       = {
          + "Name" = "arc-demo-private-subnet-0"
        }
      + vpc_id                                         = (known after apply)
    }

  # module.networking.aws_subnet.private_subnet[1] will be created
  + resource "aws_subnet" "private_subnet" {
      + arn                                            = (known after apply)
      + assign_ipv6_address_on_creation                = false
      + availability_zone                              = "us-east-2b"
      + availability_zone_id                           = (known after apply)
      + cidr_block                                     = "172.29.31.96/27"
      + enable_dns64                                   = false
      + enable_resource_name_dns_a_record_on_launch    = false
      + enable_resource_name_dns_aaaa_record_on_launch = false
      + id                                             = (known after apply)
      + ipv6_cidr_block_association_id                 = (known after apply)
      + ipv6_native                                    = false
      + map_public_ip_on_launch                        = false
      + owner_id                                       = (known after apply)
      + private_dns_hostname_type_on_launch            = (known after apply)
      + tags                                           = {
          + "Name" = "arc-demo-private-subnet-1"
        }
      + tags_all                                       = {
          + "Name" = "arc-demo-private-subnet-1"
        }
      + vpc_id                                         = (known after apply)
    }

  # module.networking.aws_subnet.public_subnet[0] will be created
  + resource "aws_subnet" "public_subnet" {
      + arn                                            = (known after apply)
      + assign_ipv6_address_on_creation                = false
      + availability_zone                              = "us-east-2a"
      + availability_zone_id                           = (known after apply)
      + cidr_block                                     = "172.29.31.0/27"
      + enable_dns64                                   = false
      + enable_resource_name_dns_a_record_on_launch    = false
      + enable_resource_name_dns_aaaa_record_on_launch = false
      + id                                             = (known after apply)
      + ipv6_cidr_block_association_id                 = (known after apply)
      + ipv6_native                                    = false
      + map_public_ip_on_launch                        = true
      + owner_id                                       = (known after apply)
      + private_dns_hostname_type_on_launch            = (known after apply)
      + tags                                           = {
          + "Name" = "arc-demo-public-subnet-0"
        }
      + tags_all                                       = {
          + "Name" = "arc-demo-public-subnet-0"
        }
      + vpc_id                                         = (known after apply)
    }

  # module.networking.aws_subnet.public_subnet[1] will be created
  + resource "aws_subnet" "public_subnet" {
      + arn                                            = (known after apply)
      + assign_ipv6_address_on_creation                = false
      + availability_zone                              = "us-east-2b"
      + availability_zone_id                           = (known after apply)
      + cidr_block                                     = "172.29.31.32/27"
      + enable_dns64                                   = false
      + enable_resource_name_dns_a_record_on_launch    = false
      + enable_resource_name_dns_aaaa_record_on_launch = false
      + id                                             = (known after apply)
      + ipv6_cidr_block_association_id                 = (known after apply)
      + ipv6_native                                    = false
      + map_public_ip_on_launch                        = true
      + owner_id                                       = (known after apply)
      + private_dns_hostname_type_on_launch            = (known after apply)
      + tags                                           = {
          + "Name" = "arc-demo-public-subnet-1"
        }
      + tags_all                                       = {
          + "Name" = "arc-demo-public-subnet-1"
        }
      + vpc_id                                         = (known after apply)
    }

  # module.networking.aws_vpc.vpc will be created
  + resource "aws_vpc" "vpc" {
      + arn                                  = (known after apply)
      + cidr_block                           = "172.29.31.0/25"
      + default_network_acl_id               = (known after apply)
      + default_route_table_id               = (known after apply)
      + default_security_group_id            = (known after apply)
      + dhcp_options_id                      = (known after apply)
      + enable_dns_hostnames                 = true
      + enable_dns_support                   = true
      + enable_network_address_usage_metrics = (known after apply)
      + id                                   = (known after apply)
      + instance_tenancy                     = "default"
      + ipv6_association_id                  = (known after apply)
      + ipv6_cidr_block                      = (known after apply)
      + ipv6_cidr_block_network_border_group = (known after apply)
      + main_route_table_id                  = (known after apply)
      + owner_id                             = (known after apply)
      + tags                                 = {
          + "Name" = "arc-demo-vpc"
        }
      + tags_all                             = {
          + "Name" = "arc-demo-vpc"
        }
    }

Plan: 25 to add, 0 to change, 0 to destroy.

Changes to Outputs:
  + ami_id              = (known after apply)
  + private_subnets     = [
      + (known after apply),
      + (known after apply),
    ]
  + public_subnets_cidr = [
      + (known after apply),
      + (known after apply),
    ]

─────────────────────────────────────────────────────────────────────────────

Note: You didn't use the -out option to save this plan, so Terraform can't
guarantee to take exactly these actions if you run "terraform apply" now.
